
Microsoft Visual Studio Solution File, Format Version 12.00
# Visual Studio Version 16
VisualStudioVersion = 16.0.31025.194
MinimumVisualStudioVersion = 10.0.40219.1
Project("{FAE04EC0-301F-11D3-BF4B-00C04F79EFBC}") = "CompiPascalC3D", "CompiPascalC3D.csproj", "{F7455BD1-AEA6-4D73-9BE0-770DE94EC9B7}"
EndProject
Global
	GlobalSection(SolutionConfigurationPlatforms) = preSolution
		Debug|Any CPU = Debug|Any CPU
		Release|Any CPU = Release|Any CPU
	EndGlobalSection
	GlobalSection(ProjectConfigurationPlatforms) = postSolution
		{F7455BD1-AEA6-4D73-9BE0-770DE94EC9B7}.Debug|Any CPU.ActiveCfg = Debug|Any CPU
		{F7455BD1-AEA6-4D73-9BE0-770DE94EC9B7}.Debug|Any CPU.Build.0 = Debug|Any CPU
		{F7455BD1-AEA6-4D73-9BE0-770DE94EC9B7}.Release|Any CPU.ActiveCfg = Release|Any CPU
		{F7455BD1-AEA6-4D73-9BE0-770DE94EC9B7}.Release|Any CPU.Build.0 = Release|Any CPU
	EndGlobalSection
	GlobalSection(SolutionProperties) = preSolution
		HideSolutionNode = FALSE
	EndGlobalSection
	GlobalSection(ExtensibilityGlobals) = postSolution
		SolutionGuid = {77581DB4-6421-4CE8-924A-BC66D9269FBA}
	EndGlobalSection
EndGlobal
